// !$*UTF8*$!
{
	archiveVersion = 1;
	classes = {
	};
	objectVersion = 50;
	objects = {

/* Begin PBXBuildFile section */
		E25C3F9E22E9E5B000D71CCA /* AppDelegate.swift in Sources */ = {isa = PBXBuildFile; fileRef = E25C3F9D22E9E5B000D71CCA /* AppDelegate.swift */; };
		E25C3FA322E9E5B000D71CCA /* Main.storyboard in Resources */ = {isa = PBXBuildFile; fileRef = E25C3FA122E9E5B000D71CCA /* Main.storyboard */; };
		E25C3FA522E9E5B100D71CCA /* Assets.xcassets in Resources */ = {isa = PBXBuildFile; fileRef = E25C3FA422E9E5B100D71CCA /* Assets.xcassets */; };
		E25C3FA822E9E5B100D71CCA /* LaunchScreen.storyboard in Resources */ = {isa = PBXBuildFile; fileRef = E25C3FA622E9E5B100D71CCA /* LaunchScreen.storyboard */; };
		E25C3FB322E9E5B100D71CCA /* TechECSTests.swift in Sources */ = {isa = PBXBuildFile; fileRef = E25C3FB222E9E5B100D71CCA /* TechECSTests.swift */; };
		E25C3FBE22E9E5B100D71CCA /* TechECSUITests.swift in Sources */ = {isa = PBXBuildFile; fileRef = E25C3FBD22E9E5B100D71CCA /* TechECSUITests.swift */; };
		E25C3FD522E9E61A00D71CCA /* AuthEndpoint.swift in Sources */ = {isa = PBXBuildFile; fileRef = E25C3FCE22E9E61900D71CCA /* AuthEndpoint.swift */; };
		E25C3FD622E9E61A00D71CCA /* LoginResponse.swift in Sources */ = {isa = PBXBuildFile; fileRef = E25C3FD022E9E61900D71CCA /* LoginResponse.swift */; };
		E25C3FD722E9E61A00D71CCA /* NetworkLayer.swift in Sources */ = {isa = PBXBuildFile; fileRef = E25C3FD222E9E61900D71CCA /* NetworkLayer.swift */; };
		E25C3FD822E9E61A00D71CCA /* Response.swift in Sources */ = {isa = PBXBuildFile; fileRef = E25C3FD322E9E61900D71CCA /* Response.swift */; };
		E25C3FD922E9E61A00D71CCA /* Endpoint.swift in Sources */ = {isa = PBXBuildFile; fileRef = E25C3FD422E9E61900D71CCA /* Endpoint.swift */; };
		E25C3FDC22E9EE8900D71CCA /* NYCPublicationProtocol.swift in Sources */ = {isa = PBXBuildFile; fileRef = E25C3FDB22E9EE8900D71CCA /* NYCPublicationProtocol.swift */; };
		E25C3FDE22E9EE9F00D71CCA /* NYCPublicationPresenter.swift in Sources */ = {isa = PBXBuildFile; fileRef = E25C3FDD22E9EE9F00D71CCA /* NYCPublicationPresenter.swift */; };
		E25C3FE022E9EEAE00D71CCA /* NYCInteractor.swift in Sources */ = {isa = PBXBuildFile; fileRef = E25C3FDF22E9EEAE00D71CCA /* NYCInteractor.swift */; };
		E25C3FE222E9EEC200D71CCA /* NYCRouter.swift in Sources */ = {isa = PBXBuildFile; fileRef = E25C3FE122E9EEC200D71CCA /* NYCRouter.swift */; };
		E25C3FE422E9EECE00D71CCA /* NYCViewController.swift in Sources */ = {isa = PBXBuildFile; fileRef = E25C3FE322E9EECE00D71CCA /* NYCViewController.swift */; };
		E25C3FE622E9F36400D71CCA /* Utilities.swift in Sources */ = {isa = PBXBuildFile; fileRef = E25C3FE522E9F36400D71CCA /* Utilities.swift */; };
		E25C3FE822E9F39000D71CCA /* ProgressIndicator.swift in Sources */ = {isa = PBXBuildFile; fileRef = E25C3FE722E9F39000D71CCA /* ProgressIndicator.swift */; };
		E25C3FEC22E9F65700D71CCA /* NYCArticleCell.swift in Sources */ = {isa = PBXBuildFile; fileRef = E25C3FEA22E9F65700D71CCA /* NYCArticleCell.swift */; };
		E25C3FED22E9F65700D71CCA /* NYCArticleCell.xib in Resources */ = {isa = PBXBuildFile; fileRef = E25C3FEB22E9F65700D71CCA /* NYCArticleCell.xib */; };
		E2E2D8DC22EA685B00905B27 /* Extension.swift in Sources */ = {isa = PBXBuildFile; fileRef = E2E2D8DB22EA685B00905B27 /* Extension.swift */; };
/* End PBXBuildFile section */

/* Begin PBXContainerItemProxy section */
		E25C3FAF22E9E5B100D71CCA /* PBXContainerItemProxy */ = {
			isa = PBXContainerItemProxy;
			containerPortal = E25C3F9222E9E5B000D71CCA /* Project object */;
			proxyType = 1;
			remoteGlobalIDString = E25C3F9922E9E5B000D71CCA;
			remoteInfo = TechECS;
		};
		E25C3FBA22E9E5B100D71CCA /* PBXContainerItemProxy */ = {
			isa = PBXContainerItemProxy;
			containerPortal = E25C3F9222E9E5B000D71CCA /* Project object */;
			proxyType = 1;
			remoteGlobalIDString = E25C3F9922E9E5B000D71CCA;
			remoteInfo = TechECS;
		};
/* End PBXContainerItemProxy section */

/* Begin PBXFileReference section */
		E25C3F9A22E9E5B000D71CCA /* TechECS.app */ = {isa = PBXFileReference; explicitFileType = wrapper.application; includeInIndex = 0; path = TechECS.app; sourceTree = BUILT_PRODUCTS_DIR; };
		E25C3F9D22E9E5B000D71CCA /* AppDelegate.swift */ = {isa = PBXFileReference; lastKnownFileType = sourcecode.swift; path = AppDelegate.swift; sourceTree = "<group>"; };
		E25C3FA222E9E5B000D71CCA /* Base */ = {isa = PBXFileReference; lastKnownFileType = file.storyboard; name = Base; path = Base.lproj/Main.storyboard; sourceTree = "<group>"; };
		E25C3FA422E9E5B100D71CCA /* Assets.xcassets */ = {isa = PBXFileReference; lastKnownFileType = folder.assetcatalog; path = Assets.xcassets; sourceTree = "<group>"; };
		E25C3FA722E9E5B100D71CCA /* Base */ = {isa = PBXFileReference; lastKnownFileType = file.storyboard; name = Base; path = Base.lproj/LaunchScreen.storyboard; sourceTree = "<group>"; };
		E25C3FA922E9E5B100D71CCA /* Info.plist */ = {isa = PBXFileReference; lastKnownFileType = text.plist.xml; path = Info.plist; sourceTree = "<group>"; };
		E25C3FAE22E9E5B100D71CCA /* TechECSTests.xctest */ = {isa = PBXFileReference; explicitFileType = wrapper.cfbundle; includeInIndex = 0; path = TechECSTests.xctest; sourceTree = BUILT_PRODUCTS_DIR; };
		E25C3FB222E9E5B100D71CCA /* TechECSTests.swift */ = {isa = PBXFileReference; lastKnownFileType = sourcecode.swift; path = TechECSTests.swift; sourceTree = "<group>"; };
		E25C3FB422E9E5B100D71CCA /* Info.plist */ = {isa = PBXFileReference; lastKnownFileType = text.plist.xml; path = Info.plist; sourceTree = "<group>"; };
		E25C3FB922E9E5B100D71CCA /* TechECSUITests.xctest */ = {isa = PBXFileReference; explicitFileType = wrapper.cfbundle; includeInIndex = 0; path = TechECSUITests.xctest; sourceTree = BUILT_PRODUCTS_DIR; };
		E25C3FBD22E9E5B100D71CCA /* TechECSUITests.swift */ = {isa = PBXFileReference; lastKnownFileType = sourcecode.swift; path = TechECSUITests.swift; sourceTree = "<group>"; };
		E25C3FBF22E9E5B100D71CCA /* Info.plist */ = {isa = PBXFileReference; lastKnownFileType = text.plist.xml; path = Info.plist; sourceTree = "<group>"; };
		E25C3FCE22E9E61900D71CCA /* AuthEndpoint.swift */ = {isa = PBXFileReference; fileEncoding = 4; lastKnownFileType = sourcecode.swift; path = AuthEndpoint.swift; sourceTree = "<group>"; };
		E25C3FD022E9E61900D71CCA /* LoginResponse.swift */ = {isa = PBXFileReference; fileEncoding = 4; lastKnownFileType = sourcecode.swift; path = LoginResponse.swift; sourceTree = "<group>"; };
		E25C3FD222E9E61900D71CCA /* NetworkLayer.swift */ = {isa = PBXFileReference; fileEncoding = 4; lastKnownFileType = sourcecode.swift; path = NetworkLayer.swift; sourceTree = "<group>"; };
		E25C3FD322E9E61900D71CCA /* Response.swift */ = {isa = PBXFileReference; fileEncoding = 4; lastKnownFileType = sourcecode.swift; path = Response.swift; sourceTree = "<group>"; };
		E25C3FD422E9E61900D71CCA /* Endpoint.swift */ = {isa = PBXFileReference; fileEncoding = 4; lastKnownFileType = sourcecode.swift; path = Endpoint.swift; sourceTree = "<group>"; };
		E25C3FDB22E9EE8900D71CCA /* NYCPublicationProtocol.swift */ = {isa = PBXFileReference; lastKnownFileType = sourcecode.swift; path = NYCPublicationProtocol.swift; sourceTree = "<group>"; };
		E25C3FDD22E9EE9F00D71CCA /* NYCPublicationPresenter.swift */ = {isa = PBXFileReference; lastKnownFileType = sourcecode.swift; path = NYCPublicationPresenter.swift; sourceTree = "<group>"; };
		E25C3FDF22E9EEAE00D71CCA /* NYCInteractor.swift */ = {isa = PBXFileReference; lastKnownFileType = sourcecode.swift; path = NYCInteractor.swift; sourceTree = "<group>"; };
		E25C3FE122E9EEC200D71CCA /* NYCRouter.swift */ = {isa = PBXFileReference; lastKnownFileType = sourcecode.swift; path = NYCRouter.swift; sourceTree = "<group>"; };
		E25C3FE322E9EECE00D71CCA /* NYCViewController.swift */ = {isa = PBXFileReference; lastKnownFileType = sourcecode.swift; path = NYCViewController.swift; sourceTree = "<group>"; };
		E25C3FE522E9F36400D71CCA /* Utilities.swift */ = {isa = PBXFileReference; fileEncoding = 4; lastKnownFileType = sourcecode.swift; path = Utilities.swift; sourceTree = "<group>"; };
		E25C3FE722E9F39000D71CCA /* ProgressIndicator.swift */ = {isa = PBXFileReference; fileEncoding = 4; lastKnownFileType = sourcecode.swift; path = ProgressIndicator.swift; sourceTree = "<group>"; };
		E25C3FEA22E9F65700D71CCA /* NYCArticleCell.swift */ = {isa = PBXFileReference; lastKnownFileType = sourcecode.swift; path = NYCArticleCell.swift; sourceTree = "<group>"; };
		E25C3FEB22E9F65700D71CCA /* NYCArticleCell.xib */ = {isa = PBXFileReference; lastKnownFileType = file.xib; path = NYCArticleCell.xib; sourceTree = "<group>"; };
		E2E2D8DB22EA685B00905B27 /* Extension.swift */ = {isa = PBXFileReference; lastKnownFileType = sourcecode.swift; path = Extension.swift; sourceTree = "<group>"; };
/* End PBXFileReference section */

/* Begin PBXFrameworksBuildPhase section */
		E25C3F9722E9E5B000D71CCA /* Frameworks */ = {
			isa = PBXFrameworksBuildPhase;
			buildActionMask = 2147483647;
			files = (
			);
			runOnlyForDeploymentPostprocessing = 0;
		};
		E25C3FAB22E9E5B100D71CCA /* Frameworks */ = {
			isa = PBXFrameworksBuildPhase;
			buildActionMask = 2147483647;
			files = (
			);
			runOnlyForDeploymentPostprocessing = 0;
		};
		E25C3FB622E9E5B100D71CCA /* Frameworks */ = {
			isa = PBXFrameworksBuildPhase;
			buildActionMask = 2147483647;
			files = (
			);
			runOnlyForDeploymentPostprocessing = 0;
		};
/* End PBXFrameworksBuildPhase section */

/* Begin PBXGroup section */
		E25C3F9122E9E5B000D71CCA = {
			isa = PBXGroup;
			children = (
				E25C3F9C22E9E5B000D71CCA /* TechECS */,
				E25C3FB122E9E5B100D71CCA /* TechECSTests */,
				E25C3FBC22E9E5B100D71CCA /* TechECSUITests */,
				E25C3F9B22E9E5B000D71CCA /* Products */,
			);
			sourceTree = "<group>";
		};
		E25C3F9B22E9E5B000D71CCA /* Products */ = {
			isa = PBXGroup;
			children = (
				E25C3F9A22E9E5B000D71CCA /* TechECS.app */,
				E25C3FAE22E9E5B100D71CCA /* TechECSTests.xctest */,
				E25C3FB922E9E5B100D71CCA /* TechECSUITests.xctest */,
			);
			name = Products;
			sourceTree = "<group>";
		};
		E25C3F9C22E9E5B000D71CCA /* TechECS */ = {
			isa = PBXGroup;
			children = (
				E25C3FE722E9F39000D71CCA /* ProgressIndicator.swift */,
				E25C3FE522E9F36400D71CCA /* Utilities.swift */,
				E25C3F9D22E9E5B000D71CCA /* AppDelegate.swift */,
				E25C3FDA22E9EE5B00D71CCA /* NYCPublicationArticleVC */,
				E25C3FA122E9E5B000D71CCA /* Main.storyboard */,
				E25C3FA422E9E5B100D71CCA /* Assets.xcassets */,
				E25C3FA622E9E5B100D71CCA /* LaunchScreen.storyboard */,
				E25C3FA922E9E5B100D71CCA /* Info.plist */,
				E25C3FE922E9F61F00D71CCA /* UITableViewCell */,
				E25C3FCB22E9E61900D71CCA /* Services */,
				E2E2D8DB22EA685B00905B27 /* Extension.swift */,
			);
			path = TechECS;
			sourceTree = "<group>";
		};
		E25C3FB122E9E5B100D71CCA /* TechECSTests */ = {
			isa = PBXGroup;
			children = (
				E25C3FB222E9E5B100D71CCA /* TechECSTests.swift */,
				E25C3FB422E9E5B100D71CCA /* Info.plist */,
			);
			path = TechECSTests;
			sourceTree = "<group>";
		};
		E25C3FBC22E9E5B100D71CCA /* TechECSUITests */ = {
			isa = PBXGroup;
			children = (
				E25C3FBD22E9E5B100D71CCA /* TechECSUITests.swift */,
				E25C3FBF22E9E5B100D71CCA /* Info.plist */,
			);
			path = TechECSUITests;
			sourceTree = "<group>";
		};
		E25C3FCB22E9E61900D71CCA /* Services */ = {
			isa = PBXGroup;
			children = (
				E25C3FCC22E9E61900D71CCA /* Network */,
			);
			path = Services;
			sourceTree = "<group>";
		};
		E25C3FCC22E9E61900D71CCA /* Network */ = {
			isa = PBXGroup;
			children = (
				E25C3FCD22E9E61900D71CCA /* Endpoints */,
				E25C3FCF22E9E61900D71CCA /* Responses */,
				E25C3FD122E9E61900D71CCA /* Base */,
			);
			path = Network;
			sourceTree = "<group>";
		};
		E25C3FCD22E9E61900D71CCA /* Endpoints */ = {
			isa = PBXGroup;
			children = (
				E25C3FCE22E9E61900D71CCA /* AuthEndpoint.swift */,
			);
			path = Endpoints;
			sourceTree = "<group>";
		};
		E25C3FCF22E9E61900D71CCA /* Responses */ = {
			isa = PBXGroup;
			children = (
				E25C3FD022E9E61900D71CCA /* LoginResponse.swift */,
			);
			path = Responses;
			sourceTree = "<group>";
		};
		E25C3FD122E9E61900D71CCA /* Base */ = {
			isa = PBXGroup;
			children = (
				E25C3FD222E9E61900D71CCA /* NetworkLayer.swift */,
				E25C3FD322E9E61900D71CCA /* Response.swift */,
				E25C3FD422E9E61900D71CCA /* Endpoint.swift */,
			);
			path = Base;
			sourceTree = "<group>";
		};
		E25C3FDA22E9EE5B00D71CCA /* NYCPublicationArticleVC */ = {
			isa = PBXGroup;
			children = (
				E25C3FDB22E9EE8900D71CCA /* NYCPublicationProtocol.swift */,
				E25C3FDD22E9EE9F00D71CCA /* NYCPublicationPresenter.swift */,
				E25C3FDF22E9EEAE00D71CCA /* NYCInteractor.swift */,
				E25C3FE122E9EEC200D71CCA /* NYCRouter.swift */,
				E25C3FE322E9EECE00D71CCA /* NYCViewController.swift */,
			);
			name = NYCPublicationArticleVC;
			path = Modules/NYCPublicationArticleVC;
			sourceTree = "<group>";
		};
		E25C3FE922E9F61F00D71CCA /* UITableViewCell */ = {
			isa = PBXGroup;
			children = (
				E25C3FEA22E9F65700D71CCA /* NYCArticleCell.swift */,
				E25C3FEB22E9F65700D71CCA /* NYCArticleCell.xib */,
			);
			path = UITableViewCell;
			sourceTree = "<group>";
		};
/* End PBXGroup section */

/* Begin PBXNativeTarget section */
		E25C3F9922E9E5B000D71CCA /* TechECS */ = {
			isa = PBXNativeTarget;
			buildConfigurationList = E25C3FC222E9E5B100D71CCA /* Build configuration list for PBXNativeTarget "TechECS" */;
			buildPhases = (
				E25C3F9622E9E5B000D71CCA /* Sources */,
				E25C3F9722E9E5B000D71CCA /* Frameworks */,
				E25C3F9822E9E5B000D71CCA /* Resources */,
			);
			buildRules = (
			);
			dependencies = (
			);
			name = TechECS;
			productName = TechECS;
			productReference = E25C3F9A22E9E5B000D71CCA /* TechECS.app */;
			productType = "com.apple.product-type.application";
		};
		E25C3FAD22E9E5B100D71CCA /* TechECSTests */ = {
			isa = PBXNativeTarget;
			buildConfigurationList = E25C3FC522E9E5B100D71CCA /* Build configuration list for PBXNativeTarget "TechECSTests" */;
			buildPhases = (
				E25C3FAA22E9E5B100D71CCA /* Sources */,
				E25C3FAB22E9E5B100D71CCA /* Frameworks */,
				E25C3FAC22E9E5B100D71CCA /* Resources */,
			);
			buildRules = (
			);
			dependencies = (
				E25C3FB022E9E5B100D71CCA /* PBXTargetDependency */,
			);
			name = TechECSTests;
			productName = TechECSTests;
			productReference = E25C3FAE22E9E5B100D71CCA /* TechECSTests.xctest */;
			productType = "com.apple.product-type.bundle.unit-test";
		};
		E25C3FB822E9E5B100D71CCA /* TechECSUITests */ = {
			isa = PBXNativeTarget;
			buildConfigurationList = E25C3FC822E9E5B100D71CCA /* Build configuration list for PBXNativeTarget "TechECSUITests" */;
			buildPhases = (
				E25C3FB522E9E5B100D71CCA /* Sources */,
				E25C3FB622E9E5B100D71CCA /* Frameworks */,
				E25C3FB722E9E5B100D71CCA /* Resources */,
			);
			buildRules = (
			);
			dependencies = (
				E25C3FBB22E9E5B100D71CCA /* PBXTargetDependency */,
			);
			name = TechECSUITests;
			productName = TechECSUITests;
			productReference = E25C3FB922E9E5B100D71CCA /* TechECSUITests.xctest */;
			productType = "com.apple.product-type.bundle.ui-testing";
		};
/* End PBXNativeTarget section */

/* Begin PBXProject section */
		E25C3F9222E9E5B000D71CCA /* Project object */ = {
			isa = PBXProject;
			attributes = {
				LastSwiftUpdateCheck = 1020;
				LastUpgradeCheck = 1020;
				ORGANIZATIONNAME = "TeachEase solution";
				TargetAttributes = {
					E25C3F9922E9E5B000D71CCA = {
						CreatedOnToolsVersion = 10.2;
					};
					E25C3FAD22E9E5B100D71CCA = {
						CreatedOnToolsVersion = 10.2;
						TestTargetID = E25C3F9922E9E5B000D71CCA;
					};
					E25C3FB822E9E5B100D71CCA = {
						CreatedOnToolsVersion = 10.2;
						TestTargetID = E25C3F9922E9E5B000D71CCA;
					};
				};
			};
			buildConfigurationList = E25C3F9522E9E5B000D71CCA /* Build configuration list for PBXProject "TechECS" */;
			compatibilityVersion = "Xcode 9.3";
			developmentRegion = en;
			hasScannedForEncodings = 0;
			knownRegions = (
				en,
				Base,
			);
			mainGroup = E25C3F9122E9E5B000D71CCA;
			productRefGroup = E25C3F9B22E9E5B000D71CCA /* Products */;
			projectDirPath = "";
			projectRoot = "";
			targets = (
				E25C3F9922E9E5B000D71CCA /* TechECS */,
				E25C3FAD22E9E5B100D71CCA /* TechECSTests */,
				E25C3FB822E9E5B100D71CCA /* TechECSUITests */,
			);
		};
/* End PBXProject section */

/* Begin PBXResourcesBuildPhase section */
		E25C3F9822E9E5B000D71CCA /* Resources */ = {
			isa = PBXResourcesBuildPhase;
			buildActionMask = 2147483647;
			files = (
				E25C3FA822E9E5B100D71CCA /* LaunchScreen.storyboard in Resources */,
				E25C3FED22E9F65700D71CCA /* NYCArticleCell.xib in Resources */,
				E25C3FA522E9E5B100D71CCA /* Assets.xcassets in Resources */,
				E25C3FA322E9E5B000D71CCA /* Main.storyboard in Resources */,
			);
			runOnlyForDeploymentPostprocessing = 0;
		};
		E25C3FAC22E9E5B100D71CCA /* Resources */ = {
			isa = PBXResourcesBuildPhase;
			buildActionMask = 2147483647;
			files = (
			);
			runOnlyForDeploymentPostprocessing = 0;
		};
		E25C3FB722E9E5B100D71CCA /* Resources */ = {
			isa = PBXResourcesBuildPhase;
			buildActionMask = 2147483647;
			files = (
			);
			runOnlyForDeploymentPostprocessing = 0;
		};
/* End PBXResourcesBuildPhase section */

/* Begin PBXSourcesBuildPhase section */
		E25C3F9622E9E5B000D71CCA /* Sources */ = {
			isa = PBXSourcesBuildPhase;
			buildActionMask = 2147483647;
			files = (
				E2E2D8DC22EA685B00905B27 /* Extension.swift in Sources */,
				E25C3FE422E9EECE00D71CCA /* NYCViewController.swift in Sources */,
				E25C3FD922E9E61A00D71CCA /* Endpoint.swift in Sources */,
				E25C3F9E22E9E5B000D71CCA /* AppDelegate.swift in Sources */,
				E25C3FE822E9F39000D71CCA /* ProgressIndicator.swift in Sources */,
				E25C3FD622E9E61A00D71CCA /* LoginResponse.swift in Sources */,
				E25C3FE222E9EEC200D71CCA /* NYCRouter.swift in Sources */,
				E25C3FD722E9E61A00D71CCA /* NetworkLayer.swift in Sources */,
				E25C3FE622E9F36400D71CCA /* Utilities.swift in Sources */,
				E25C3FDE22E9EE9F00D71CCA /* NYCPublicationPresenter.swift in Sources */,
				E25C3FEC22E9F65700D71CCA /* NYCArticleCell.swift in Sources */,
				E25C3FD822E9E61A00D71CCA /* Response.swift in Sources */,
				E25C3FD522E9E61A00D71CCA /* AuthEndpoint.swift in Sources */,
				E25C3FDC22E9EE8900D71CCA /* NYCPublicationProtocol.swift in Sources */,
				E25C3FE022E9EEAE00D71CCA /* NYCInteractor.swift in Sources */,
			);
			runOnlyForDeploymentPostprocessing = 0;
		};
		E25C3FAA22E9E5B100D71CCA /* Sources */ = {
			isa = PBXSourcesBuildPhase;
			buildActionMask = 2147483647;
			files = (
				E25C3FB322E9E5B100D71CCA /* TechECSTests.swift in Sources */,
			);
			runOnlyForDeploymentPostprocessing = 0;
		};
		E25C3FB522E9E5B100D71CCA /* Sources */ = {
			isa = PBXSourcesBuildPhase;
			buildActionMask = 2147483647;
			files = (
				E25C3FBE22E9E5B100D71CCA /* TechECSUITests.swift in Sources */,
			);
			runOnlyForDeploymentPostprocessing = 0;
		};
/* End PBXSourcesBuildPhase section */

/* Begin PBXTargetDependency section */
		E25C3FB022E9E5B100D71CCA /* PBXTargetDependency */ = {
			isa = PBXTargetDependency;
			target = E25C3F9922E9E5B000D71CCA /* TechECS */;
			targetProxy = E25C3FAF22E9E5B100D71CCA /* PBXContainerItemProxy */;
		};
		E25C3FBB22E9E5B100D71CCA /* PBXTargetDependency */ = {
			isa = PBXTargetDependency;
			target = E25C3F9922E9E5B000D71CCA /* TechECS */;
			targetProxy = E25C3FBA22E9E5B100D71CCA /* PBXContainerItemProxy */;
		};
/* End PBXTargetDependency section */

/* Begin PBXVariantGroup section */
		E25C3FA122E9E5B000D71CCA /* Main.storyboard */ = {
			isa = PBXVariantGroup;
			children = (
				E25C3FA222E9E5B000D71CCA /* Base */,
			);
			name = Main.storyboard;
			sourceTree = "<group>";
		};
		E25C3FA622E9E5B100D71CCA /* LaunchScreen.storyboard */ = {
			isa = PBXVariantGroup;
			children = (
				E25C3FA722E9E5B100D71CCA /* Base */,
			);
			name = LaunchScreen.storyboard;
			sourceTree = "<group>";
		};
/* End PBXVariantGroup section */

/* Begin XCBuildConfiguration section */
		E25C3FC022E9E5B100D71CCA /* Debug */ = {
			isa = XCBuildConfiguration;
			buildSettings = {
				ALWAYS_SEARCH_USER_PATHS = NO;
				CLANG_ANALYZER_NONNULL = YES;
				CLANG_ANALYZER_NUMBER_OBJECT_CONVERSION = YES_AGGRESSIVE;
				CLANG_CXX_LANGUAGE_STANDARD = "gnu++14";
				CLANG_CXX_LIBRARY = "libc++";
				CLANG_ENABLE_MODULES = YES;
				CLANG_ENABLE_OBJC_ARC = YES;
				CLANG_ENABLE_OBJC_WEAK = YES;
				CLANG_WARN_BLOCK_CAPTURE_AUTORELEASING = YES;
				CLANG_WARN_BOOL_CONVERSION = YES;
				CLANG_WARN_COMMA = YES;
				CLANG_WARN_CONSTANT_CONVERSION = YES;
				CLANG_WARN_DEPRECATED_OBJC_IMPLEMENTATIONS = YES;
				CLANG_WARN_DIRECT_OBJC_ISA_USAGE = YES_ERROR;
				CLANG_WARN_DOCUMENTATION_COMMENTS = YES;
				CLANG_WARN_EMPTY_BODY = YES;
				CLANG_WARN_ENUM_CONVERSION = YES;
				CLANG_WARN_INFINITE_RECURSION = YES;
				CLANG_WARN_INT_CONVERSION = YES;
				CLANG_WARN_NON_LITERAL_NULL_CONVERSION = YES;
				CLANG_WARN_OBJC_IMPLICIT_RETAIN_SELF = YES;
				CLANG_WARN_OBJC_LITERAL_CONVERSION = YES;
				CLANG_WARN_OBJC_ROOT_CLASS = YES_ERROR;
				CLANG_WARN_RANGE_LOOP_ANALYSIS = YES;
				CLANG_WARN_STRICT_PROTOTYPES = YES;
				CLANG_WARN_SUSPICIOUS_MOVE = YES;
				CLANG_WARN_UNGUARDED_AVAILABILITY = YES_AGGRESSIVE;
				CLANG_WARN_UNREACHABLE_CODE = YES;
				CLANG_WARN__DUPLICATE_METHOD_MATCH = YES;
				CODE_SIGN_IDENTITY = "iPhone Developer";
				COPY_PHASE_STRIP = NO;
				DEBUG_INFORMATION_FORMAT = dwarf;
				ENABLE_STRICT_OBJC_MSGSEND = YES;
				ENABLE_TESTABILITY = YES;
				GCC_C_LANGUAGE_STANDARD = gnu11;
				GCC_DYNAMIC_NO_PIC = NO;
				GCC_NO_COMMON_BLOCKS = YES;
				GCC_OPTIMIZATION_LEVEL = 0;
				GCC_PREPROCESSOR_DEFINITIONS = (
					"DEBUG=1",
					"$(inherited)",
				);
				GCC_WARN_64_TO_32_BIT_CONVERSION = YES;
				GCC_WARN_ABOUT_RETURN_TYPE = YES_ERROR;
				GCC_WARN_UNDECLARED_SELECTOR = YES;
				GCC_WARN_UNINITIALIZED_AUTOS = YES_AGGRESSIVE;
				GCC_WARN_UNUSED_FUNCTION = YES;
				GCC_WARN_UNUSED_VARIABLE = YES;
				IPHONEOS_DEPLOYMENT_TARGET = 12.2;
				MTL_ENABLE_DEBUG_INFO = INCLUDE_SOURCE;
				MTL_FAST_MATH = YES;
				ONLY_ACTIVE_ARCH = YES;
				SDKROOT = iphoneos;
				SWIFT_ACTIVE_COMPILATION_CONDITIONS = DEBUG;
				SWIFT_OPTIMIZATION_LEVEL = "-Onone";
			};
			name = Debug;
		};
		E25C3FC122E9E5B100D71CCA /* Release */ = {
			isa = XCBuildConfiguration;
			buildSettings = {
				ALWAYS_SEARCH_USER_PATHS = NO;
				CLANG_ANALYZER_NONNULL = YES;
				CLANG_ANALYZER_NUMBER_OBJECT_CONVERSION = YES_AGGRESSIVE;
				CLANG_CXX_LANGUAGE_STANDARD = "gnu++14";
				CLANG_CXX_LIBRARY = "libc++";
				CLANG_ENABLE_MODULES = YES;
				CLANG_ENABLE_OBJC_ARC = YES;
				CLANG_ENABLE_OBJC_WEAK = YES;
				CLANG_WARN_BLOCK_CAPTURE_AUTORELEASING = YES;
				CLANG_WARN_BOOL_CONVERSION = YES;
				CLANG_WARN_COMMA = YES;
				CLANG_WARN_CONSTANT_CONVERSION = YES;
				CLANG_WARN_DEPRECATED_OBJC_IMPLEMENTATIONS = YES;
				CLANG_WARN_DIRECT_OBJC_ISA_USAGE = YES_ERROR;
				CLANG_WARN_DOCUMENTATION_COMMENTS = YES;
				CLANG_WARN_EMPTY_BODY = YES;
				CLANG_WARN_ENUM_CONVERSION = YES;
				CLANG_WARN_INFINITE_RECURSION = YES;
				CLANG_WARN_INT_CONVERSION = YES;
				CLANG_WARN_NON_LITERAL_NULL_CONVERSION = YES;
				CLANG_WARN_OBJC_IMPLICIT_RETAIN_SELF = YES;
				CLANG_WARN_OBJC_LITERAL_CONVERSION = YES;
				CLANG_WARN_OBJC_ROOT_CLASS = YES_ERROR;
				CLANG_WARN_RANGE_LOOP_ANALYSIS = YES;
				CLANG_WARN_STRICT_PROTOTYPES = YES;
				CLANG_WARN_SUSPICIOUS_MOVE = YES;
				CLANG_WARN_UNGUARDED_AVAILABILITY = YES_AGGRESSIVE;
				CLANG_WARN_UNREACHABLE_CODE = YES;
				CLANG_WARN__DUPLICATE_METHOD_MATCH = YES;
				CODE_SIGN_IDENTITY = "iPhone Developer";
				COPY_PHASE_STRIP = NO;
				DEBUG_INFORMATION_FORMAT = "dwarf-with-dsym";
				ENABLE_NS_ASSERTIONS = NO;
				ENABLE_STRICT_OBJC_MSGSEND = YES;
				GCC_C_LANGUAGE_STANDARD = gnu11;
				GCC_NO_COMMON_BLOCKS = YES;
				GCC_WARN_64_TO_32_BIT_CONVERSION = YES;
				GCC_WARN_ABOUT_RETURN_TYPE = YES_ERROR;
				GCC_WARN_UNDECLARED_SELECTOR = YES;
				GCC_WARN_UNINITIALIZED_AUTOS = YES_AGGRESSIVE;
				GCC_WARN_UNUSED_FUNCTION = YES;
				GCC_WARN_UNUSED_VARIABLE = YES;
				IPHONEOS_DEPLOYMENT_TARGET = 12.2;
				MTL_ENABLE_DEBUG_INFO = NO;
				MTL_FAST_MATH = YES;
				SDKROOT = iphoneos;
				SWIFT_COMPILATION_MODE = wholemodule;
				SWIFT_OPTIMIZATION_LEVEL = "-O";
				VALIDATE_PRODUCT = YES;
			};
			name = Release;
		};
		E25C3FC322E9E5B100D71CCA /* Debug */ = {
			isa = XCBuildConfiguration;
			buildSettings = {
				ASSETCATALOG_COMPILER_APPICON_NAME = AppIcon;
				CODE_SIGN_STYLE = Automatic;
				DEVELOPMENT_TEAM = GCDJ2647RH;
				INFOPLIST_FILE = TechECS/Info.plist;
				LD_RUNPATH_SEARCH_PATHS = (
					"$(inherited)",
					"@executable_path/Frameworks",
				);
				PRODUCT_BUNDLE_IDENTIFIER = com.techEase.TechECS;
				PRODUCT_NAME = "$(TARGET_NAME)";
				SWIFT_VERSION = 5.0;
				TARGETED_DEVICE_FAMILY = "1,2";
			};
			name = Debug;
		};
		E25C3FC422E9E5B100D71CCA /* Release */ = {
			isa = XCBuildConfiguration;
			buildSettings = {
				ASSETCATALOG_COMPILER_APPICON_NAME = AppIcon;
				CODE_SIGN_STYLE = Automatic;
				DEVELOPMENT_TEAM = GCDJ2647RH;
				INFOPLIST_FILE = TechECS/Info.plist;
				LD_RUNPATH_SEARCH_PATHS = (
					"$(inherited)",
					"@executable_path/Frameworks",
				);
				PRODUCT_BUNDLE_IDENTIFIER = com.techEase.TechECS;
				PRODUCT_NAME = "$(TARGET_NAME)";
				SWIFT_VERSION = 5.0;
				TARGETED_DEVICE_FAMILY = "1,2";
			};
			name = Release;
		};
		E25C3FC622E9E5B100D71CCA /* Debug */ = {
			isa = XCBuildConfiguration;
			buildSettings = {
				ALWAYS_EMBED_SWIFT_STANDARD_LIBRARIES = YES;
				BUNDLE_LOADER = "$(TEST_HOST)";
				CODE_SIGN_STYLE = Automatic;
				DEVELOPMENT_TEAM = GCDJ2647RH;
				INFOPLIST_FILE = TechECSTests/Info.plist;
				LD_RUNPATH_SEARCH_PATHS = (
					"$(inherited)",
					"@executable_path/Frameworks",
					"@loader_path/Frameworks",
				);
				PRODUCT_BUNDLE_IDENTIFIER = com.techEase.TechECSTests;
				PRODUCT_NAME = "$(TARGET_NAME)";
				SWIFT_VERSION = 5.0;
				TARGETED_DEVICE_FAMILY = "1,2";
				TEST_HOST = "$(BUILT_PRODUCTS_DIR)/TechECS.app/TechECS";
			};
			name = Debug;
		};
		E25C3FC722E9E5B100D71CCA /* Release */ = {
			isa = XCBuildConfiguration;
			buildSettings = {
				ALWAYS_EMBED_SWIFT_STANDARD_LIBRARIES = YES;
				BUNDLE_LOADER = "$(TEST_HOST)";
				CODE_SIGN_STYLE = Automatic;
				DEVELOPMENT_TEAM = GCDJ2647RH;
				INFOPLIST_FILE = TechECSTests/Info.plist;
				LD_RUNPATH_SEARCH_PATHS = (
					"$(inherited)",
					"@executable_path/Frameworks",
					"@loader_path/Frameworks",
				);
				PRODUCT_BUNDLE_IDENTIFIER = com.techEase.TechECSTests;
				PRODUCT_NAME = "$(TARGET_NAME)";
				SWIFT_VERSION = 5.0;
				TARGETED_DEVICE_FAMILY = "1,2";
				TEST_HOST = "$(BUILT_PRODUCTS_DIR)/TechECS.app/TechECS";
			};
			name = Release;
		};
		E25C3FC922E9E5B100D71CCA /* Debug */ = {
			isa = XCBuildConfiguration;
			buildSettings = {
				ALWAYS_EMBED_SWIFT_STANDARD_LIBRARIES = YES;
				CODE_SIGN_STYLE = Automatic;
				DEVELOPMENT_TEAM = GCDJ2647RH;
				INFOPLIST_FILE = TechECSUITests/Info.plist;
				LD_RUNPATH_SEARCH_PATHS = (
					"$(inherited)",
					"@executable_path/Frameworks",
					"@loader_path/Frameworks",
				);
				PRODUCT_BUNDLE_IDENTIFIER = com.techEase.TechECSUITests;
				PRODUCT_NAME = "$(TARGET_NAME)";
				SWIFT_VERSION = 5.0;
				TARGETED_DEVICE_FAMILY = "1,2";
				TEST_TARGET_NAME = TechECS;
			};
			name = Debug;
		};
		E25C3FCA22E9E5B100D71CCA /* Release */ = {
			isa = XCBuildConfiguration;
			buildSettings = {
				ALWAYS_EMBED_SWIFT_STANDARD_LIBRARIES = YES;
				CODE_SIGN_STYLE = Automatic;
				DEVELOPMENT_TEAM = GCDJ2647RH;
				INFOPLIST_FILE = TechECSUITests/Info.plist;
				LD_RUNPATH_SEARCH_PATHS = (
					"$(inherited)",
					"@executable_path/Frameworks",
					"@loader_path/Frameworks",
				);
				PRODUCT_BUNDLE_IDENTIFIER = com.techEase.TechECSUITests;
				PRODUCT_NAME = "$(TARGET_NAME)";
				SWIFT_VERSION = 5.0;
				TARGETED_DEVICE_FAMILY = "1,2";
				TEST_TARGET_NAME = TechECS;
			};
			name = Release;
		};
/* End XCBuildConfiguration section */

/* Begin XCConfigurationList section */
		E25C3F9522E9E5B000D71CCA /* Build configuration list for PBXProject "TechECS" */ = {
			isa = XCConfigurationList;
			buildConfigurations = (
				E25C3FC022E9E5B100D71CCA /* Debug */,
				E25C3FC122E9E5B100D71CCA /* Release */,
			);
			defaultConfigurationIsVisible = 0;
			defaultConfigurationName = Release;
		};
		E25C3FC222E9E5B100D71CCA /* Build configuration list for PBXNativeTarget "TechECS" */ = {
			isa = XCConfigurationList;
			buildConfigurations = (
				E25C3FC322E9E5B100D71CCA /* Debug */,
				E25C3FC422E9E5B100D71CCA /* Release */,
			);
			defaultConfigurationIsVisible = 0;
			defaultConfigurationName = Release;
		};
		E25C3FC522E9E5B100D71CCA /* Build configuration list for PBXNativeTarget "TechECSTests" */ = {
			isa = XCConfigurationList;
			buildConfigurations = (
				E25C3FC622E9E5B100D71CCA /* Debug */,
				E25C3FC722E9E5B100D71CCA /* Release */,
			);
			defaultConfigurationIsVisible = 0;
			defaultConfigurationName = Release;
		};
		E25C3FC822E9E5B100D71CCA /* Build configuration list for PBXNativeTarget "TechECSUITests" */ = {
			isa = XCConfigurationList;
			buildConfigurations = (
				E25C3FC922E9E5B100D71CCA /* Debug */,
				E25C3FCA22E9E5B100D71CCA /* Release */,
			);
			defaultConfigurationIsVisible = 0;
			defaultConfigurationName = Release;
		};
/* End XCConfigurationList section */
	};
	rootObject = E25C3F9222E9E5B000D71CCA /* Project object */;
}
